
Microsoft Visual Studio Solution File, Format Version 12.00
# Visual Studio Version 16
VisualStudioVersion = 16.0.30204.135
MinimumVisualStudioVersion = 10.0.40219.1
Project("{9A19103F-16F7-4668-BE54-9A1E7A4F7556}") = "PAC", "PAC\PAC.csproj", "{9637DCBD-12FE-4721-84D9-230DE6A6F412}"
EndProject
Project("{FAE04EC0-301F-11D3-BF4B-00C04F79EFBC}") = "PACtests", "PACtests\PACtests.csproj", "{0000BA01-E454-4CA4-B176-09DBBFFD2EE2}"
EndProject
Global
	GlobalSection(SolutionConfigurationPlatforms) = preSolution
		Debug|Any CPU = Debug|Any CPU
		Release|Any CPU = Release|Any CPU
	EndGlobalSection
	GlobalSection(ProjectConfigurationPlatforms) = postSolution
		{9637DCBD-12FE-4721-84D9-230DE6A6F412}.Debug|Any CPU.ActiveCfg = Debug|Any CPU
		{9637DCBD-12FE-4721-84D9-230DE6A6F412}.Debug|Any CPU.Build.0 = Debug|Any CPU
		{9637DCBD-12FE-4721-84D9-230DE6A6F412}.Release|Any CPU.ActiveCfg = Release|Any CPU
		{9637DCBD-12FE-4721-84D9-230DE6A6F412}.Release|Any CPU.Build.0 = Release|Any CPU
		{0000BA01-E454-4CA4-B176-09DBBFFD2EE2}.Debug|Any CPU.ActiveCfg = Debug|Any CPU
		{0000BA01-E454-4CA4-B176-09DBBFFD2EE2}.Debug|Any CPU.Build.0 = Debug|Any CPU
		{0000BA01-E454-4CA4-B176-09DBBFFD2EE2}.Release|Any CPU.ActiveCfg = Release|Any CPU
		{0000BA01-E454-4CA4-B176-09DBBFFD2EE2}.Release|Any CPU.Build.0 = Release|Any CPU
	EndGlobalSection
	GlobalSection(SolutionProperties) = preSolution
		HideSolutionNode = FALSE
	EndGlobalSection
	GlobalSection(ExtensibilityGlobals) = postSolution
		SolutionGuid = {17E996DA-03AA-42CB-B110-5B4D508601C9}
	EndGlobalSection
EndGlobal
